// !$*UTF8*$!
{
	archiveVersion = 1;
	classes = {
	};
	objectVersion = 46;
	objects = {

/* Begin PBXBuildFile section */
		93447DC81A2B14530024396C /* libtakram_tween.a in Frameworks */ = {isa = PBXBuildFile; fileRef = 93C6B51519B22F5500A1CF93 /* libtakram_tween.a */; };
		93BD76131A4EC9CD00BD063D /* timeline_host_test.cc in Sources */ = {isa = PBXBuildFile; fileRef = 93BD76121A4EC9CD00BD063D /* timeline_host_test.cc */; };
		93BD76241A4EE2EF00BD063D /* easing.cc in Sources */ = {isa = PBXBuildFile; fileRef = 93BD76231A4EE2EF00BD063D /* easing.cc */; };
		93BD76251A4EE2EF00BD063D /* easing.cc in Sources */ = {isa = PBXBuildFile; fileRef = 93BD76231A4EE2EF00BD063D /* easing.cc */; };
		93D906921A4DCF3F00BBD89C /* timeline.cc in Sources */ = {isa = PBXBuildFile; fileRef = 93D906901A4DCF3F00BBD89C /* timeline.cc */; };
		93D906931A4DCF3F00BBD89C /* timeline.cc in Sources */ = {isa = PBXBuildFile; fileRef = 93D906901A4DCF3F00BBD89C /* timeline.cc */; };
		93D906941A4DCF3F00BBD89C /* transform.cc in Sources */ = {isa = PBXBuildFile; fileRef = 93D906911A4DCF3F00BBD89C /* transform.cc */; };
		93D906951A4DCF3F00BBD89C /* transform.cc in Sources */ = {isa = PBXBuildFile; fileRef = 93D906911A4DCF3F00BBD89C /* transform.cc */; };
		93D907091A4DCF5200BBD89C /* ease_back.h in Headers */ = {isa = PBXBuildFile; fileRef = 93D906ED1A4DCF5200BBD89C /* ease_back.h */; };
		93D9070A1A4DCF5200BBD89C /* ease_back.h in Headers */ = {isa = PBXBuildFile; fileRef = 93D906ED1A4DCF5200BBD89C /* ease_back.h */; };
		93D9070B1A4DCF5200BBD89C /* ease_bounce.h in Headers */ = {isa = PBXBuildFile; fileRef = 93D906EE1A4DCF5200BBD89C /* ease_bounce.h */; };
		93D9070C1A4DCF5200BBD89C /* ease_bounce.h in Headers */ = {isa = PBXBuildFile; fileRef = 93D906EE1A4DCF5200BBD89C /* ease_bounce.h */; };
		93D9070D1A4DCF5200BBD89C /* ease_circular.h in Headers */ = {isa = PBXBuildFile; fileRef = 93D906EF1A4DCF5200BBD89C /* ease_circular.h */; };
		93D9070E1A4DCF5200BBD89C /* ease_circular.h in Headers */ = {isa = PBXBuildFile; fileRef = 93D906EF1A4DCF5200BBD89C /* ease_circular.h */; };
		93D9070F1A4DCF5200BBD89C /* ease_cubic.h in Headers */ = {isa = PBXBuildFile; fileRef = 93D906F01A4DCF5200BBD89C /* ease_cubic.h */; };
		93D907101A4DCF5200BBD89C /* ease_cubic.h in Headers */ = {isa = PBXBuildFile; fileRef = 93D906F01A4DCF5200BBD89C /* ease_cubic.h */; };
		93D907111A4DCF5200BBD89C /* ease_elastic.h in Headers */ = {isa = PBXBuildFile; fileRef = 93D906F11A4DCF5200BBD89C /* ease_elastic.h */; };
		93D907121A4DCF5200BBD89C /* ease_elastic.h in Headers */ = {isa = PBXBuildFile; fileRef = 93D906F11A4DCF5200BBD89C /* ease_elastic.h */; };
		93D907131A4DCF5200BBD89C /* ease_exponential.h in Headers */ = {isa = PBXBuildFile; fileRef = 93D906F21A4DCF5200BBD89C /* ease_exponential.h */; };
		93D907141A4DCF5200BBD89C /* ease_exponential.h in Headers */ = {isa = PBXBuildFile; fileRef = 93D906F21A4DCF5200BBD89C /* ease_exponential.h */; };
		93D907151A4DCF5200BBD89C /* ease_linear.h in Headers */ = {isa = PBXBuildFile; fileRef = 93D906F31A4DCF5200BBD89C /* ease_linear.h */; };
		93D907161A4DCF5200BBD89C /* ease_linear.h in Headers */ = {isa = PBXBuildFile; fileRef = 93D906F31A4DCF5200BBD89C /* ease_linear.h */; };
		93D907171A4DCF5200BBD89C /* ease_quadratic.h in Headers */ = {isa = PBXBuildFile; fileRef = 93D906F41A4DCF5200BBD89C /* ease_quadratic.h */; };
		93D907181A4DCF5200BBD89C /* ease_quadratic.h in Headers */ = {isa = PBXBuildFile; fileRef = 93D906F41A4DCF5200BBD89C /* ease_quadratic.h */; };
		93D907191A4DCF5200BBD89C /* ease_quartic.h in Headers */ = {isa = PBXBuildFile; fileRef = 93D906F51A4DCF5200BBD89C /* ease_quartic.h */; };
		93D9071A1A4DCF5200BBD89C /* ease_quartic.h in Headers */ = {isa = PBXBuildFile; fileRef = 93D906F51A4DCF5200BBD89C /* ease_quartic.h */; };
		93D9071B1A4DCF5200BBD89C /* ease_quintic.h in Headers */ = {isa = PBXBuildFile; fileRef = 93D906F61A4DCF5200BBD89C /* ease_quintic.h */; };
		93D9071C1A4DCF5200BBD89C /* ease_quintic.h in Headers */ = {isa = PBXBuildFile; fileRef = 93D906F61A4DCF5200BBD89C /* ease_quintic.h */; };
		93D9071D1A4DCF5200BBD89C /* ease_sinusoidal.h in Headers */ = {isa = PBXBuildFile; fileRef = 93D906F71A4DCF5200BBD89C /* ease_sinusoidal.h */; };
		93D9071E1A4DCF5200BBD89C /* ease_sinusoidal.h in Headers */ = {isa = PBXBuildFile; fileRef = 93D906F71A4DCF5200BBD89C /* ease_sinusoidal.h */; };
		93D9071F1A4DCF5200BBD89C /* easing.h in Headers */ = {isa = PBXBuildFile; fileRef = 93D906F81A4DCF5200BBD89C /* easing.h */; };
		93D907201A4DCF5200BBD89C /* easing.h in Headers */ = {isa = PBXBuildFile; fileRef = 93D906F81A4DCF5200BBD89C /* easing.h */; };
		93D907211A4DCF5200BBD89C /* constants.h in Headers */ = {isa = PBXBuildFile; fileRef = 93D906F91A4DCF5200BBD89C /* constants.h */; };
		93D907221A4DCF5200BBD89C /* constants.h in Headers */ = {isa = PBXBuildFile; fileRef = 93D906F91A4DCF5200BBD89C /* constants.h */; };
		93D907231A4DCF5200BBD89C /* easing.h in Headers */ = {isa = PBXBuildFile; fileRef = 93D906FA1A4DCF5200BBD89C /* easing.h */; };
		93D907241A4DCF5200BBD89C /* easing.h in Headers */ = {isa = PBXBuildFile; fileRef = 93D906FA1A4DCF5200BBD89C /* easing.h */; };
		93D907251A4DCF5200BBD89C /* accessor_adaptor.h in Headers */ = {isa = PBXBuildFile; fileRef = 93D906FC1A4DCF5200BBD89C /* accessor_adaptor.h */; };
		93D907261A4DCF5200BBD89C /* accessor_adaptor.h in Headers */ = {isa = PBXBuildFile; fileRef = 93D906FC1A4DCF5200BBD89C /* accessor_adaptor.h */; };
		93D907291A4DCF5200BBD89C /* adaptor_base.h in Headers */ = {isa = PBXBuildFile; fileRef = 93D906FE1A4DCF5200BBD89C /* adaptor_base.h */; };
		93D9072A1A4DCF5200BBD89C /* adaptor_base.h in Headers */ = {isa = PBXBuildFile; fileRef = 93D906FE1A4DCF5200BBD89C /* adaptor_base.h */; };
		93D9072B1A4DCF5200BBD89C /* clock.h in Headers */ = {isa = PBXBuildFile; fileRef = 93D906FF1A4DCF5200BBD89C /* clock.h */; };
		93D9072C1A4DCF5200BBD89C /* clock.h in Headers */ = {isa = PBXBuildFile; fileRef = 93D906FF1A4DCF5200BBD89C /* clock.h */; };
		93D9072D1A4DCF5200BBD89C /* hash.h in Headers */ = {isa = PBXBuildFile; fileRef = 93D907001A4DCF5200BBD89C /* hash.h */; };
		93D9072E1A4DCF5200BBD89C /* hash.h in Headers */ = {isa = PBXBuildFile; fileRef = 93D907001A4DCF5200BBD89C /* hash.h */; };
		93D9072F1A4DCF5200BBD89C /* interval.h in Headers */ = {isa = PBXBuildFile; fileRef = 93D907011A4DCF5200BBD89C /* interval.h */; };
		93D907301A4DCF5200BBD89C /* interval.h in Headers */ = {isa = PBXBuildFile; fileRef = 93D907011A4DCF5200BBD89C /* interval.h */; };
		93D907311A4DCF5200BBD89C /* pointer_adaptor.h in Headers */ = {isa = PBXBuildFile; fileRef = 93D907021A4DCF5200BBD89C /* pointer_adaptor.h */; };
		93D907321A4DCF5200BBD89C /* pointer_adaptor.h in Headers */ = {isa = PBXBuildFile; fileRef = 93D907021A4DCF5200BBD89C /* pointer_adaptor.h */; };
		93D907351A4DCF5200BBD89C /* timeline.h in Headers */ = {isa = PBXBuildFile; fileRef = 93D907041A4DCF5200BBD89C /* timeline.h */; };
		93D907361A4DCF5200BBD89C /* timeline.h in Headers */ = {isa = PBXBuildFile; fileRef = 93D907041A4DCF5200BBD89C /* timeline.h */; };
		93D907371A4DCF5200BBD89C /* timeline_host.h in Headers */ = {isa = PBXBuildFile; fileRef = 93D907051A4DCF5200BBD89C /* timeline_host.h */; };
		93D907381A4DCF5200BBD89C /* timeline_host.h in Headers */ = {isa = PBXBuildFile; fileRef = 93D907051A4DCF5200BBD89C /* timeline_host.h */; };
		93D907391A4DCF5200BBD89C /* transform.h in Headers */ = {isa = PBXBuildFile; fileRef = 93D907061A4DCF5200BBD89C /* transform.h */; };
		93D9073A1A4DCF5200BBD89C /* transform.h in Headers */ = {isa = PBXBuildFile; fileRef = 93D907061A4DCF5200BBD89C /* transform.h */; };
		93D9073B1A4DCF5200BBD89C /* tween.h in Headers */ = {isa = PBXBuildFile; fileRef = 93D907071A4DCF5200BBD89C /* tween.h */; };
		93D9073C1A4DCF5200BBD89C /* tween.h in Headers */ = {isa = PBXBuildFile; fileRef = 93D907071A4DCF5200BBD89C /* tween.h */; };
		93D9073D1A4DCF5200BBD89C /* tween.h in Headers */ = {isa = PBXBuildFile; fileRef = 93D907081A4DCF5200BBD89C /* tween.h */; };
		93D9073E1A4DCF5200BBD89C /* tween.h in Headers */ = {isa = PBXBuildFile; fileRef = 93D907081A4DCF5200BBD89C /* tween.h */; };
		93D907471A4DCF6B00BBD89C /* accessor_adaptor_test.cc in Sources */ = {isa = PBXBuildFile; fileRef = 93D907411A4DCF6B00BBD89C /* accessor_adaptor_test.cc */; };
		93D907491A4DCF6B00BBD89C /* pointer_adaptor_test.cc in Sources */ = {isa = PBXBuildFile; fileRef = 93D907431A4DCF6B00BBD89C /* pointer_adaptor_test.cc */; };
		93D9074B1A4DCF6B00BBD89C /* timeline_test.cc in Sources */ = {isa = PBXBuildFile; fileRef = 93D907451A4DCF6B00BBD89C /* timeline_test.cc */; };
		93D9074C1A4DCF6B00BBD89C /* tween_test.cc in Sources */ = {isa = PBXBuildFile; fileRef = 93D907461A4DCF6B00BBD89C /* tween_test.cc */; };
		93D907501A4DD7BE00BBD89C /* interval_test.cc in Sources */ = {isa = PBXBuildFile; fileRef = 93D9074F1A4DD7BE00BBD89C /* interval_test.cc */; };
		93D907571A4DDEB500BBD89C /* clock_test.cc in Sources */ = {isa = PBXBuildFile; fileRef = 93D907561A4DDEB500BBD89C /* clock_test.cc */; };
		93D907591A4E3E5200BBD89C /* hash_test.cc in Sources */ = {isa = PBXBuildFile; fileRef = 93D907581A4E3E5200BBD89C /* hash_test.cc */; };
/* End PBXBuildFile section */

/* Begin PBXContainerItemProxy section */
		93447DC61A2B14500024396C /* PBXContainerItemProxy */ = {
			isa = PBXContainerItemProxy;
			containerPortal = 93F8AD6717C8B39800310877 /* Project object */;
			proxyType = 1;
			remoteGlobalIDString = 93C6B51419B22F5500A1CF93;
			remoteInfo = takram_triangulation;
		};
/* End PBXContainerItemProxy section */

/* Begin PBXFileReference section */
		93BD76121A4EC9CD00BD063D /* timeline_host_test.cc */ = {isa = PBXFileReference; fileEncoding = 4; lastKnownFileType = sourcecode.cpp.cpp; path = timeline_host_test.cc; sourceTree = "<group>"; };
		93BD76231A4EE2EF00BD063D /* easing.cc */ = {isa = PBXFileReference; fileEncoding = 4; lastKnownFileType = sourcecode.cpp.cpp; path = easing.cc; sourceTree = "<group>"; };
		93C6B51519B22F5500A1CF93 /* libtakram_tween.a */ = {isa = PBXFileReference; explicitFileType = archive.ar; includeInIndex = 0; path = libtakram_tween.a; sourceTree = BUILT_PRODUCTS_DIR; };
		93D906761A4DC00600BBD89C /* product_dynamic.xcconfig */ = {isa = PBXFileReference; lastKnownFileType = text.xcconfig; path = product_dynamic.xcconfig; sourceTree = "<group>"; };
		93D906771A4DC00600BBD89C /* product_static.xcconfig */ = {isa = PBXFileReference; lastKnownFileType = text.xcconfig; path = product_static.xcconfig; sourceTree = "<group>"; };
		93D906781A4DC00600BBD89C /* product.xcconfig */ = {isa = PBXFileReference; lastKnownFileType = text.xcconfig; path = product.xcconfig; sourceTree = "<group>"; };
		93D906791A4DC00600BBD89C /* project_debug.xcconfig */ = {isa = PBXFileReference; lastKnownFileType = text.xcconfig; path = project_debug.xcconfig; sourceTree = "<group>"; };
		93D9067A1A4DC00600BBD89C /* project_release.xcconfig */ = {isa = PBXFileReference; lastKnownFileType = text.xcconfig; path = project_release.xcconfig; sourceTree = "<group>"; };
		93D9067B1A4DC00600BBD89C /* project.xcconfig */ = {isa = PBXFileReference; lastKnownFileType = text.xcconfig; path = project.xcconfig; sourceTree = "<group>"; };
		93D9067C1A4DC00600BBD89C /* product_test.xcconfig */ = {isa = PBXFileReference; lastKnownFileType = text.xcconfig; path = product_test.xcconfig; sourceTree = "<group>"; };
		93D906811A4DC34900BBD89C /* libtakram_tween.dylib */ = {isa = PBXFileReference; explicitFileType = "compiled.mach-o.dylib"; includeInIndex = 0; path = libtakram_tween.dylib; sourceTree = BUILT_PRODUCTS_DIR; };
		93D906901A4DCF3F00BBD89C /* timeline.cc */ = {isa = PBXFileReference; fileEncoding = 4; lastKnownFileType = sourcecode.cpp.cpp; path = timeline.cc; sourceTree = "<group>"; };
		93D906911A4DCF3F00BBD89C /* transform.cc */ = {isa = PBXFileReference; fileEncoding = 4; lastKnownFileType = sourcecode.cpp.cpp; path = transform.cc; sourceTree = "<group>"; };
		93D906ED1A4DCF5200BBD89C /* ease_back.h */ = {isa = PBXFileReference; fileEncoding = 4; lastKnownFileType = sourcecode.c.h; path = ease_back.h; sourceTree = "<group>"; };
		93D906EE1A4DCF5200BBD89C /* ease_bounce.h */ = {isa = PBXFileReference; fileEncoding = 4; lastKnownFileType = sourcecode.c.h; path = ease_bounce.h; sourceTree = "<group>"; };
		93D906EF1A4DCF5200BBD89C /* ease_circular.h */ = {isa = PBXFileReference; fileEncoding = 4; lastKnownFileType = sourcecode.c.h; path = ease_circular.h; sourceTree = "<group>"; };
		93D906F01A4DCF5200BBD89C /* ease_cubic.h */ = {isa = PBXFileReference; fileEncoding = 4; lastKnownFileType = sourcecode.c.h; path = ease_cubic.h; sourceTree = "<group>"; };
		93D906F11A4DCF5200BBD89C /* ease_elastic.h */ = {isa = PBXFileReference; fileEncoding = 4; lastKnownFileType = sourcecode.c.h; path = ease_elastic.h; sourceTree = "<group>"; };
		93D906F21A4DCF5200BBD89C /* ease_exponential.h */ = {isa = PBXFileReference; fileEncoding = 4; lastKnownFileType = sourcecode.c.h; path = ease_exponential.h; sourceTree = "<group>"; };
		93D906F31A4DCF5200BBD89C /* ease_linear.h */ = {isa = PBXFileReference; fileEncoding = 4; lastKnownFileType = sourcecode.c.h; path = ease_linear.h; sourceTree = "<group>"; };
		93D906F41A4DCF5200BBD89C /* ease_quadratic.h */ = {isa = PBXFileReference; fileEncoding = 4; lastKnownFileType = sourcecode.c.h; path = ease_quadratic.h; sourceTree = "<group>"; };
		93D906F51A4DCF5200BBD89C /* ease_quartic.h */ = {isa = PBXFileReference; fileEncoding = 4; lastKnownFileType = sourcecode.c.h; path = ease_quartic.h; sourceTree = "<group>"; };
		93D906F61A4DCF5200BBD89C /* ease_quintic.h */ = {isa = PBXFileReference; fileEncoding = 4; lastKnownFileType = sourcecode.c.h; path = ease_quintic.h; sourceTree = "<group>"; };
		93D906F71A4DCF5200BBD89C /* ease_sinusoidal.h */ = {isa = PBXFileReference; fileEncoding = 4; lastKnownFileType = sourcecode.c.h; path = ease_sinusoidal.h; sourceTree = "<group>"; };
		93D906F81A4DCF5200BBD89C /* easing.h */ = {isa = PBXFileReference; fileEncoding = 4; lastKnownFileType = sourcecode.c.h; path = easing.h; sourceTree = "<group>"; };
		93D906F91A4DCF5200BBD89C /* constants.h */ = {isa = PBXFileReference; fileEncoding = 4; lastKnownFileType = sourcecode.c.h; path = constants.h; sourceTree = "<group>"; };
		93D906FA1A4DCF5200BBD89C /* easing.h */ = {isa = PBXFileReference; fileEncoding = 4; lastKnownFileType = sourcecode.c.h; path = easing.h; sourceTree = "<group>"; };
		93D906FC1A4DCF5200BBD89C /* accessor_adaptor.h */ = {isa = PBXFileReference; fileEncoding = 4; lastKnownFileType = sourcecode.c.h; path = accessor_adaptor.h; sourceTree = "<group>"; };
		93D906FE1A4DCF5200BBD89C /* adaptor_base.h */ = {isa = PBXFileReference; fileEncoding = 4; lastKnownFileType = sourcecode.c.h; path = adaptor_base.h; sourceTree = "<group>"; };
		93D906FF1A4DCF5200BBD89C /* clock.h */ = {isa = PBXFileReference; fileEncoding = 4; lastKnownFileType = sourcecode.c.h; path = clock.h; sourceTree = "<group>"; };
		93D907001A4DCF5200BBD89C /* hash.h */ = {isa = PBXFileReference; fileEncoding = 4; lastKnownFileType = sourcecode.c.h; path = hash.h; sourceTree = "<group>"; };
		93D907011A4DCF5200BBD89C /* interval.h */ = {isa = PBXFileReference; fileEncoding = 4; lastKnownFileType = sourcecode.c.h; path = interval.h; sourceTree = "<group>"; };
		93D907021A4DCF5200BBD89C /* pointer_adaptor.h */ = {isa = PBXFileReference; fileEncoding = 4; lastKnownFileType = sourcecode.c.h; path = pointer_adaptor.h; sourceTree = "<group>"; };
		93D907041A4DCF5200BBD89C /* timeline.h */ = {isa = PBXFileReference; fileEncoding = 4; lastKnownFileType = sourcecode.c.h; path = timeline.h; sourceTree = "<group>"; };
		93D907051A4DCF5200BBD89C /* timeline_host.h */ = {isa = PBXFileReference; fileEncoding = 4; lastKnownFileType = sourcecode.c.h; path = timeline_host.h; sourceTree = "<group>"; };
		93D907061A4DCF5200BBD89C /* transform.h */ = {isa = PBXFileReference; fileEncoding = 4; lastKnownFileType = sourcecode.c.h; path = transform.h; sourceTree = "<group>"; };
		93D907071A4DCF5200BBD89C /* tween.h */ = {isa = PBXFileReference; fileEncoding = 4; lastKnownFileType = sourcecode.c.h; path = tween.h; sourceTree = "<group>"; };
		93D907081A4DCF5200BBD89C /* tween.h */ = {isa = PBXFileReference; fileEncoding = 4; lastKnownFileType = sourcecode.c.h; path = tween.h; sourceTree = "<group>"; };
		93D907411A4DCF6B00BBD89C /* accessor_adaptor_test.cc */ = {isa = PBXFileReference; fileEncoding = 4; lastKnownFileType = sourcecode.cpp.cpp; path = accessor_adaptor_test.cc; sourceTree = "<group>"; };
		93D907431A4DCF6B00BBD89C /* pointer_adaptor_test.cc */ = {isa = PBXFileReference; fileEncoding = 4; lastKnownFileType = sourcecode.cpp.cpp; path = pointer_adaptor_test.cc; sourceTree = "<group>"; };
		93D907451A4DCF6B00BBD89C /* timeline_test.cc */ = {isa = PBXFileReference; fileEncoding = 4; lastKnownFileType = sourcecode.cpp.cpp; path = timeline_test.cc; sourceTree = "<group>"; };
		93D907461A4DCF6B00BBD89C /* tween_test.cc */ = {isa = PBXFileReference; fileEncoding = 4; lastKnownFileType = sourcecode.cpp.cpp; path = tween_test.cc; sourceTree = "<group>"; };
		93D9074F1A4DD7BE00BBD89C /* interval_test.cc */ = {isa = PBXFileReference; fileEncoding = 4; lastKnownFileType = sourcecode.cpp.cpp; path = interval_test.cc; sourceTree = "<group>"; };
		93D907561A4DDEB500BBD89C /* clock_test.cc */ = {isa = PBXFileReference; fileEncoding = 4; lastKnownFileType = sourcecode.cpp.cpp; path = clock_test.cc; sourceTree = "<group>"; };
		93D907581A4E3E5200BBD89C /* hash_test.cc */ = {isa = PBXFileReference; fileEncoding = 4; lastKnownFileType = sourcecode.cpp.cpp; path = hash_test.cc; sourceTree = "<group>"; };
		93F1B9F6180282B0002A5A5C /* takram_tween_test */ = {isa = PBXFileReference; explicitFileType = "compiled.mach-o.executable"; includeInIndex = 0; path = takram_tween_test; sourceTree = BUILT_PRODUCTS_DIR; };
/* End PBXFileReference section */

/* Begin PBXFrameworksBuildPhase section */
		93C6B51219B22F5500A1CF93 /* Frameworks */ = {
			isa = PBXFrameworksBuildPhase;
			buildActionMask = 2147483647;
			files = (
			);
			runOnlyForDeploymentPostprocessing = 0;
		};
		93D9067E1A4DC34900BBD89C /* Frameworks */ = {
			isa = PBXFrameworksBuildPhase;
			buildActionMask = 2147483647;
			files = (
			);
			runOnlyForDeploymentPostprocessing = 0;
		};
		93F1B9F3180282B0002A5A5C /* Frameworks */ = {
			isa = PBXFrameworksBuildPhase;
			buildActionMask = 2147483647;
			files = (
				93447DC81A2B14530024396C /* libtakram_tween.a in Frameworks */,
			);
			runOnlyForDeploymentPostprocessing = 0;
		};
/* End PBXFrameworksBuildPhase section */

/* Begin PBXGroup section */
		93D9066E1A4DB6EB00BBD89C /* xcode */ = {
			isa = PBXGroup;
			children = (
				93D9067B1A4DC00600BBD89C /* project.xcconfig */,
				93D906791A4DC00600BBD89C /* project_debug.xcconfig */,
				93D9067A1A4DC00600BBD89C /* project_release.xcconfig */,
				93D906781A4DC00600BBD89C /* product.xcconfig */,
				93D906771A4DC00600BBD89C /* product_static.xcconfig */,
				93D906761A4DC00600BBD89C /* product_dynamic.xcconfig */,
				93D9067C1A4DC00600BBD89C /* product_test.xcconfig */,
			);
			path = xcode;
			sourceTree = "<group>";
		};
		93D9068E1A4DCF3F00BBD89C /* sources */ = {
			isa = PBXGroup;
			children = (
				93D9068F1A4DCF3F00BBD89C /* tween */,
			);
			name = sources;
			path = src;
			sourceTree = "<group>";
		};
		93D9068F1A4DCF3F00BBD89C /* tween */ = {
			isa = PBXGroup;
			children = (
				93D906911A4DCF3F00BBD89C /* transform.cc */,
				93D906901A4DCF3F00BBD89C /* timeline.cc */,
			);
			path = tween;
			sourceTree = "<group>";
		};
		93D906EB1A4DCF5200BBD89C /* headers */ = {
			isa = PBXGroup;
			children = (
				93D907081A4DCF5200BBD89C /* tween.h */,
				93D906FB1A4DCF5200BBD89C /* tween */,
				93D906FA1A4DCF5200BBD89C /* easing.h */,
				93D906EC1A4DCF5200BBD89C /* easing */,
			);
			name = headers;
			path = include/takram;
			sourceTree = "<group>";
		};
		93D906EC1A4DCF5200BBD89C /* easing */ = {
			isa = PBXGroup;
			children = (
				93D906F81A4DCF5200BBD89C /* easing.h */,
				93BD76231A4EE2EF00BD063D /* easing.cc */,
				93D906ED1A4DCF5200BBD89C /* ease_back.h */,
				93D906EE1A4DCF5200BBD89C /* ease_bounce.h */,
				93D906EF1A4DCF5200BBD89C /* ease_circular.h */,
				93D906F01A4DCF5200BBD89C /* ease_cubic.h */,
				93D906F11A4DCF5200BBD89C /* ease_elastic.h */,
				93D906F21A4DCF5200BBD89C /* ease_exponential.h */,
				93D906F31A4DCF5200BBD89C /* ease_linear.h */,
				93D906F41A4DCF5200BBD89C /* ease_quadratic.h */,
				93D906F51A4DCF5200BBD89C /* ease_quartic.h */,
				93D906F61A4DCF5200BBD89C /* ease_quintic.h */,
				93D906F71A4DCF5200BBD89C /* ease_sinusoidal.h */,
				93D906F91A4DCF5200BBD89C /* constants.h */,
			);
			path = easing;
			sourceTree = "<group>";
		};
		93D906FB1A4DCF5200BBD89C /* tween */ = {
			isa = PBXGroup;
			children = (
				93D907011A4DCF5200BBD89C /* interval.h */,
				93D906FF1A4DCF5200BBD89C /* clock.h */,
				93D907001A4DCF5200BBD89C /* hash.h */,
				93D907061A4DCF5200BBD89C /* transform.h */,
				93D906FE1A4DCF5200BBD89C /* adaptor_base.h */,
				93D907021A4DCF5200BBD89C /* pointer_adaptor.h */,
				93D906FC1A4DCF5200BBD89C /* accessor_adaptor.h */,
				93D907041A4DCF5200BBD89C /* timeline.h */,
				93D907051A4DCF5200BBD89C /* timeline_host.h */,
				93D907071A4DCF5200BBD89C /* tween.h */,
			);
			path = tween;
			sourceTree = "<group>";
		};
		93D9073F1A4DCF6B00BBD89C /* tests */ = {
			isa = PBXGroup;
			children = (
				93D907401A4DCF6B00BBD89C /* tween */,
			);
			name = tests;
			path = test;
			sourceTree = "<group>";
		};
		93D907401A4DCF6B00BBD89C /* tween */ = {
			isa = PBXGroup;
			children = (
				93D9074F1A4DD7BE00BBD89C /* interval_test.cc */,
				93D907561A4DDEB500BBD89C /* clock_test.cc */,
				93D907581A4E3E5200BBD89C /* hash_test.cc */,
				93D907431A4DCF6B00BBD89C /* pointer_adaptor_test.cc */,
				93D907411A4DCF6B00BBD89C /* accessor_adaptor_test.cc */,
				93D907451A4DCF6B00BBD89C /* timeline_test.cc */,
				93BD76121A4EC9CD00BD063D /* timeline_host_test.cc */,
				93D907461A4DCF6B00BBD89C /* tween_test.cc */,
			);
			path = tween;
			sourceTree = "<group>";
		};
		93F8AD6617C8B39800310877 = {
			isa = PBXGroup;
			children = (
				93D906EB1A4DCF5200BBD89C /* headers */,
				93D9068E1A4DCF3F00BBD89C /* sources */,
				93D9073F1A4DCF6B00BBD89C /* tests */,
				93D9066E1A4DB6EB00BBD89C /* xcode */,
				93F8AD7017C8B39800310877 /* products */,
			);
			sourceTree = "<group>";
		};
		93F8AD7017C8B39800310877 /* products */ = {
			isa = PBXGroup;
			children = (
				93C6B51519B22F5500A1CF93 /* libtakram_tween.a */,
				93D906811A4DC34900BBD89C /* libtakram_tween.dylib */,
				93F1B9F6180282B0002A5A5C /* takram_tween_test */,
			);
			name = products;
			sourceTree = "<group>";
		};
/* End PBXGroup section */

/* Begin PBXHeadersBuildPhase section */
		93C6B51319B22F5500A1CF93 /* Headers */ = {
			isa = PBXHeadersBuildPhase;
			buildActionMask = 2147483647;
			files = (
				93D907351A4DCF5200BBD89C /* timeline.h in Headers */,
				93D907371A4DCF5200BBD89C /* timeline_host.h in Headers */,
				93D9073B1A4DCF5200BBD89C /* tween.h in Headers */,
				93D907391A4DCF5200BBD89C /* transform.h in Headers */,
				93D907211A4DCF5200BBD89C /* constants.h in Headers */,
				93D907291A4DCF5200BBD89C /* adaptor_base.h in Headers */,
				93D907231A4DCF5200BBD89C /* easing.h in Headers */,
				93D907131A4DCF5200BBD89C /* ease_exponential.h in Headers */,
				93D9071F1A4DCF5200BBD89C /* easing.h in Headers */,
				93D907171A4DCF5200BBD89C /* ease_quadratic.h in Headers */,
				93D9070B1A4DCF5200BBD89C /* ease_bounce.h in Headers */,
				93D907111A4DCF5200BBD89C /* ease_elastic.h in Headers */,
				93D9072F1A4DCF5200BBD89C /* interval.h in Headers */,
				93D9072B1A4DCF5200BBD89C /* clock.h in Headers */,
				93D9070F1A4DCF5200BBD89C /* ease_cubic.h in Headers */,
				93D907151A4DCF5200BBD89C /* ease_linear.h in Headers */,
				93D9073D1A4DCF5200BBD89C /* tween.h in Headers */,
				93D9071D1A4DCF5200BBD89C /* ease_sinusoidal.h in Headers */,
				93D907251A4DCF5200BBD89C /* accessor_adaptor.h in Headers */,
				93D9070D1A4DCF5200BBD89C /* ease_circular.h in Headers */,
				93D907311A4DCF5200BBD89C /* pointer_adaptor.h in Headers */,
				93D907191A4DCF5200BBD89C /* ease_quartic.h in Headers */,
				93D9071B1A4DCF5200BBD89C /* ease_quintic.h in Headers */,
				93D9072D1A4DCF5200BBD89C /* hash.h in Headers */,
				93D907091A4DCF5200BBD89C /* ease_back.h in Headers */,
			);
			runOnlyForDeploymentPostprocessing = 0;
		};
		93D9067F1A4DC34900BBD89C /* Headers */ = {
			isa = PBXHeadersBuildPhase;
			buildActionMask = 2147483647;
			files = (
				93D907361A4DCF5200BBD89C /* timeline.h in Headers */,
				93D907381A4DCF5200BBD89C /* timeline_host.h in Headers */,
				93D9073C1A4DCF5200BBD89C /* tween.h in Headers */,
				93D9073A1A4DCF5200BBD89C /* transform.h in Headers */,
				93D907221A4DCF5200BBD89C /* constants.h in Headers */,
				93D9072A1A4DCF5200BBD89C /* adaptor_base.h in Headers */,
				93D907241A4DCF5200BBD89C /* easing.h in Headers */,
				93D907141A4DCF5200BBD89C /* ease_exponential.h in Headers */,
				93D907201A4DCF5200BBD89C /* easing.h in Headers */,
				93D907181A4DCF5200BBD89C /* ease_quadratic.h in Headers */,
				93D9070C1A4DCF5200BBD89C /* ease_bounce.h in Headers */,
				93D907121A4DCF5200BBD89C /* ease_elastic.h in Headers */,
				93D907301A4DCF5200BBD89C /* interval.h in Headers */,
				93D9072C1A4DCF5200BBD89C /* clock.h in Headers */,
				93D907101A4DCF5200BBD89C /* ease_cubic.h in Headers */,
				93D907161A4DCF5200BBD89C /* ease_linear.h in Headers */,
				93D9073E1A4DCF5200BBD89C /* tween.h in Headers */,
				93D9071E1A4DCF5200BBD89C /* ease_sinusoidal.h in Headers */,
				93D907261A4DCF5200BBD89C /* accessor_adaptor.h in Headers */,
				93D9070E1A4DCF5200BBD89C /* ease_circular.h in Headers */,
				93D907321A4DCF5200BBD89C /* pointer_adaptor.h in Headers */,
				93D9071A1A4DCF5200BBD89C /* ease_quartic.h in Headers */,
				93D9071C1A4DCF5200BBD89C /* ease_quintic.h in Headers */,
				93D9072E1A4DCF5200BBD89C /* hash.h in Headers */,
				93D9070A1A4DCF5200BBD89C /* ease_back.h in Headers */,
			);
			runOnlyForDeploymentPostprocessing = 0;
		};
/* End PBXHeadersBuildPhase section */

/* Begin PBXNativeTarget section */
		93C6B51419B22F5500A1CF93 /* takram_tween_static */ = {
			isa = PBXNativeTarget;
			buildConfigurationList = 93C6B51619B22F5500A1CF93 /* Build configuration list for PBXNativeTarget "takram_tween_static" */;
			buildPhases = (
				93C6B51119B22F5500A1CF93 /* Sources */,
				93C6B51219B22F5500A1CF93 /* Frameworks */,
				93C6B51319B22F5500A1CF93 /* Headers */,
			);
			buildRules = (
			);
			dependencies = (
			);
			name = takram_tween_static;
			productName = sgss_opaque;
			productReference = 93C6B51519B22F5500A1CF93 /* libtakram_tween.a */;
			productType = "com.apple.product-type.library.static";
		};
		93D906801A4DC34900BBD89C /* takram_tween_dynamic */ = {
			isa = PBXNativeTarget;
			buildConfigurationList = 93D906891A4DC34900BBD89C /* Build configuration list for PBXNativeTarget "takram_tween_dynamic" */;
			buildPhases = (
				93D9067D1A4DC34900BBD89C /* Sources */,
				93D9067E1A4DC34900BBD89C /* Frameworks */,
				93D9067F1A4DC34900BBD89C /* Headers */,
			);
			buildRules = (
			);
			dependencies = (
			);
			name = takram_tween_dynamic;
			productName = takram_tween_dynamic;
			productReference = 93D906811A4DC34900BBD89C /* libtakram_tween.dylib */;
			productType = "com.apple.product-type.library.dynamic";
		};
		93F1B9F5180282B0002A5A5C /* takram_tween_test */ = {
			isa = PBXNativeTarget;
			buildConfigurationList = 93F1B9FE180282B1002A5A5C /* Build configuration list for PBXNativeTarget "takram_tween_test" */;
			buildPhases = (
				93F1B9F2180282B0002A5A5C /* Sources */,
				93F1B9F3180282B0002A5A5C /* Frameworks */,
			);
			buildRules = (
			);
			dependencies = (
				93447DC71A2B14500024396C /* PBXTargetDependency */,
			);
			name = takram_tween_test;
			productName = sgss_opaque_test;
			productReference = 93F1B9F6180282B0002A5A5C /* takram_tween_test */;
			productType = "com.apple.product-type.tool";
		};
/* End PBXNativeTarget section */

/* Begin PBXProject section */
		93F8AD6717C8B39800310877 /* Project object */ = {
			isa = PBXProject;
			attributes = {
				LastUpgradeCheck = 0610;
				ORGANIZATIONNAME = sgss;
				TargetAttributes = {
					93D906801A4DC34900BBD89C = {
						CreatedOnToolsVersion = 6.1;
					};
				};
			};
			buildConfigurationList = 93F8AD6A17C8B39800310877 /* Build configuration list for PBXProject "takram_tween" */;
			compatibilityVersion = "Xcode 3.2";
			developmentRegion = English;
			hasScannedForEncodings = 0;
			knownRegions = (
				en,
			);
			mainGroup = 93F8AD6617C8B39800310877;
			productRefGroup = 93F8AD7017C8B39800310877 /* products */;
			projectDirPath = "";
			projectRoot = "";
			targets = (
				93C6B51419B22F5500A1CF93 /* takram_tween_static */,
				93D906801A4DC34900BBD89C /* takram_tween_dynamic */,
				93F1B9F5180282B0002A5A5C /* takram_tween_test */,
			);
		};
/* End PBXProject section */

/* Begin PBXSourcesBuildPhase section */
		93C6B51119B22F5500A1CF93 /* Sources */ = {
			isa = PBXSourcesBuildPhase;
			buildActionMask = 2147483647;
			files = (
				93D906941A4DCF3F00BBD89C /* transform.cc in Sources */,
				93D906921A4DCF3F00BBD89C /* timeline.cc in Sources */,
				93BD76241A4EE2EF00BD063D /* easing.cc in Sources */,
			);
			runOnlyForDeploymentPostprocessing = 0;
		};
		93D9067D1A4DC34900BBD89C /* Sources */ = {
			isa = PBXSourcesBuildPhase;
			buildActionMask = 2147483647;
			files = (
				93D906951A4DCF3F00BBD89C /* transform.cc in Sources */,
				93D906931A4DCF3F00BBD89C /* timeline.cc in Sources */,
				93BD76251A4EE2EF00BD063D /* easing.cc in Sources */,
			);
			runOnlyForDeploymentPostprocessing = 0;
		};
		93F1B9F2180282B0002A5A5C /* Sources */ = {
			isa = PBXSourcesBuildPhase;
			buildActionMask = 2147483647;
			files = (
				93D907501A4DD7BE00BBD89C /* interval_test.cc in Sources */,
				93D907591A4E3E5200BBD89C /* hash_test.cc in Sources */,
				93D907471A4DCF6B00BBD89C /* accessor_adaptor_test.cc in Sources */,
				93D907491A4DCF6B00BBD89C /* pointer_adaptor_test.cc in Sources */,
				93BD76131A4EC9CD00BD063D /* timeline_host_test.cc in Sources */,
				93D9074C1A4DCF6B00BBD89C /* tween_test.cc in Sources */,
				93D907571A4DDEB500BBD89C /* clock_test.cc in Sources */,
				93D9074B1A4DCF6B00BBD89C /* timeline_test.cc in Sources */,
			);
			runOnlyForDeploymentPostprocessing = 0;
		};
/* End PBXSourcesBuildPhase section */

/* Begin PBXTargetDependency section */
		93447DC71A2B14500024396C /* PBXTargetDependency */ = {
			isa = PBXTargetDependency;
			target = 93C6B51419B22F5500A1CF93 /* takram_tween_static */;
			targetProxy = 93447DC61A2B14500024396C /* PBXContainerItemProxy */;
		};
/* End PBXTargetDependency section */

/* Begin XCBuildConfiguration section */
		93C6B51719B22F5500A1CF93 /* Debug */ = {
			isa = XCBuildConfiguration;
			baseConfigurationReference = 93D906771A4DC00600BBD89C /* product_static.xcconfig */;
			buildSettings = {
				DYLIB_COMPATIBILITY_VERSION = 1;
				DYLIB_CURRENT_VERSION = 1;
				EXECUTABLE_PREFIX = lib;
				PRODUCT_NAME = takram_tween;
			};
			name = Debug;
		};
		93C6B51819B22F5500A1CF93 /* Release */ = {
			isa = XCBuildConfiguration;
			baseConfigurationReference = 93D906771A4DC00600BBD89C /* product_static.xcconfig */;
			buildSettings = {
				DYLIB_COMPATIBILITY_VERSION = 1;
				DYLIB_CURRENT_VERSION = 1;
				EXECUTABLE_PREFIX = lib;
				PRODUCT_NAME = takram_tween;
			};
			name = Release;
		};
		93D9068A1A4DC34900BBD89C /* Debug */ = {
			isa = XCBuildConfiguration;
			baseConfigurationReference = 93D906761A4DC00600BBD89C /* product_dynamic.xcconfig */;
			buildSettings = {
				DYLIB_COMPATIBILITY_VERSION = 1;
				DYLIB_CURRENT_VERSION = 1;
				EXECUTABLE_PREFIX = lib;
				PRODUCT_NAME = takram_tween;
			};
			name = Debug;
		};
		93D9068B1A4DC34900BBD89C /* Release */ = {
			isa = XCBuildConfiguration;
			baseConfigurationReference = 93D906761A4DC00600BBD89C /* product_dynamic.xcconfig */;
			buildSettings = {
				DYLIB_COMPATIBILITY_VERSION = 1;
				DYLIB_CURRENT_VERSION = 1;
				EXECUTABLE_PREFIX = lib;
				PRODUCT_NAME = takram_tween;
			};
			name = Release;
		};
		93F1B9FC180282B1002A5A5C /* Debug */ = {
			isa = XCBuildConfiguration;
			baseConfigurationReference = 93D9067C1A4DC00600BBD89C /* product_test.xcconfig */;
			buildSettings = {
				PRODUCT_NAME = takram_tween_test;
			};
			name = Debug;
		};
		93F1B9FD180282B1002A5A5C /* Release */ = {
			isa = XCBuildConfiguration;
			baseConfigurationReference = 93D9067C1A4DC00600BBD89C /* product_test.xcconfig */;
			buildSettings = {
				PRODUCT_NAME = takram_tween_test;
			};
			name = Release;
		};
		93F8AD7617C8B39800310877 /* Debug */ = {
			isa = XCBuildConfiguration;
			baseConfigurationReference = 93D906791A4DC00600BBD89C /* project_debug.xcconfig */;
			buildSettings = {
				MACOSX_DEPLOYMENT_TARGET = 10.9;
				ONLY_ACTIVE_ARCH = YES;
				SDKROOT = macosx;
			};
			name = Debug;
		};
		93F8AD7717C8B39800310877 /* Release */ = {
			isa = XCBuildConfiguration;
			baseConfigurationReference = 93D9067A1A4DC00600BBD89C /* project_release.xcconfig */;
			buildSettings = {
				MACOSX_DEPLOYMENT_TARGET = 10.9;
				ONLY_ACTIVE_ARCH = NO;
				SDKROOT = macosx;
			};
			name = Release;
		};
/* End XCBuildConfiguration section */

/* Begin XCConfigurationList section */
		93C6B51619B22F5500A1CF93 /* Build configuration list for PBXNativeTarget "takram_tween_static" */ = {
			isa = XCConfigurationList;
			buildConfigurations = (
				93C6B51719B22F5500A1CF93 /* Debug */,
				93C6B51819B22F5500A1CF93 /* Release */,
			);
			defaultConfigurationIsVisible = 0;
			defaultConfigurationName = Release;
		};
		93D906891A4DC34900BBD89C /* Build configuration list for PBXNativeTarget "takram_tween_dynamic" */ = {
			isa = XCConfigurationList;
			buildConfigurations = (
				93D9068A1A4DC34900BBD89C /* Debug */,
				93D9068B1A4DC34900BBD89C /* Release */,
			);
			defaultConfigurationIsVisible = 0;
			defaultConfigurationName = Release;
		};
		93F1B9FE180282B1002A5A5C /* Build configuration list for PBXNativeTarget "takram_tween_test" */ = {
			isa = XCConfigurationList;
			buildConfigurations = (
				93F1B9FC180282B1002A5A5C /* Debug */,
				93F1B9FD180282B1002A5A5C /* Release */,
			);
			defaultConfigurationIsVisible = 0;
			defaultConfigurationName = Release;
		};
		93F8AD6A17C8B39800310877 /* Build configuration list for PBXProject "takram_tween" */ = {
			isa = XCConfigurationList;
			buildConfigurations = (
				93F8AD7617C8B39800310877 /* Debug */,
				93F8AD7717C8B39800310877 /* Release */,
			);
			defaultConfigurationIsVisible = 0;
			defaultConfigurationName = Release;
		};
/* End XCConfigurationList section */
	};
	rootObject = 93F8AD6717C8B39800310877 /* Project object */;
}
