<?xml version="1.0" encoding="utf-8"?>
<Project ToolsVersion="4.0" xmlns="http://schemas.microsoft.com/developer/msbuild/2003">
  <ItemGroup>
    <Filter Include="src">
      <UniqueIdentifier>{6e067234-9d9b-4b89-a47c-bf6f88215564}</UniqueIdentifier>
    </Filter>
  </ItemGroup>
  <ItemGroup>
    <ClInclude Include="..\..\src\takram\easing\group.h">
      <Filter>src</Filter>
    </ClInclude>
    <ClInclude Include="..\..\src\takram\easing\inflector.h">
      <Filter>src</Filter>
    </ClInclude>
    <ClInclude Include="..\..\src\takram\easing\preset\back.h">
      <Filter>src</Filter>
    </ClInclude>
    <ClInclude Include="..\..\src\takram\easing\preset\bounce.h">
      <Filter>src</Filter>
    </ClInclude>
    <ClInclude Include="..\..\src\takram\easing\preset\circular.h">
      <Filter>src</Filter>
    </ClInclude>
    <ClInclude Include="..\..\src\takram\easing\preset\cubic.h">
      <Filter>src</Filter>
    </ClInclude>
    <ClInclude Include="..\..\src\takram\easing\preset\elastic.h">
      <Filter>src</Filter>
    </ClInclude>
    <ClInclude Include="..\..\src\takram\easing\preset\exponential.h">
      <Filter>src</Filter>
    </ClInclude>
    <ClInclude Include="..\..\src\takram\easing\preset\linear.h">
      <Filter>src</Filter>
    </ClInclude>
    <ClInclude Include="..\..\src\takram\easing\preset\quadratic.h">
      <Filter>src</Filter>
    </ClInclude>
    <ClInclude Include="..\..\src\takram\easing\preset\quartic.h">
      <Filter>src</Filter>
    </ClInclude>
    <ClInclude Include="..\..\src\takram\easing\preset\quintic.h">
      <Filter>src</Filter>
    </ClInclude>
    <ClInclude Include="..\..\src\takram\easing\preset\sinusoidal.h">
      <Filter>src</Filter>
    </ClInclude>
    <ClInclude Include="..\..\src\takram\easing\preset.h">
      <Filter>src</Filter>
    </ClInclude>
    <ClInclude Include="..\..\src\takram\easing\reverse_inflector.h">
      <Filter>src</Filter>
    </ClInclude>
    <ClInclude Include="..\..\src\takram\easing\symmetric_inflector.h">
      <Filter>src</Filter>
    </ClInclude>
    <ClInclude Include="..\..\src\takram\easing\types.h">
      <Filter>src</Filter>
    </ClInclude>
    <ClInclude Include="..\..\src\takram\tween\accessor_adaptor.h">
      <Filter>src</Filter>
    </ClInclude>
    <ClInclude Include="..\..\src\takram\tween\adaptor.h">
      <Filter>src</Filter>
    </ClInclude>
    <ClInclude Include="..\..\src\takram\tween\clock.h">
      <Filter>src</Filter>
    </ClInclude>
    <ClInclude Include="..\..\src\takram\tween\easing.h">
      <Filter>src</Filter>
    </ClInclude>
    <ClInclude Include="..\..\src\takram\tween\hash.h">
      <Filter>src</Filter>
    </ClInclude>
    <ClInclude Include="..\..\src\takram\tween\interval.h">
      <Filter>src</Filter>
    </ClInclude>
    <ClInclude Include="..\..\src\takram\tween\pointer_adaptor.h">
      <Filter>src</Filter>
    </ClInclude>
    <ClInclude Include="..\..\src\takram\tween\timeline.h">
      <Filter>src</Filter>
    </ClInclude>
    <ClInclude Include="..\..\src\takram\tween\timeline_host.h">
      <Filter>src</Filter>
    </ClInclude>
    <ClInclude Include="..\..\src\takram\tween\timer.h">
      <Filter>src</Filter>
    </ClInclude>
    <ClInclude Include="..\..\src\takram\tween\timer_adaptor.h">
      <Filter>src</Filter>
    </ClInclude>
    <ClInclude Include="..\..\src\takram\tween\transform.h">
      <Filter>src</Filter>
    </ClInclude>
    <ClInclude Include="..\..\src\takram\tween\tween.h">
      <Filter>src</Filter>
    </ClInclude>
    <ClInclude Include="..\..\src\takram\tween\types.h">
      <Filter>src</Filter>
    </ClInclude>
    <ClInclude Include="..\..\src\takram\easing.h">
      <Filter>src</Filter>
    </ClInclude>
    <ClInclude Include="..\..\src\takram\tween.h">
      <Filter>src</Filter>
    </ClInclude>
  </ItemGroup>
  <ItemGroup>
    <ClCompile Include="..\..\src\takram\tween\timeline.cc">
      <Filter>src</Filter>
    </ClCompile>
    <ClCompile Include="..\..\src\takram\tween\timer.cc">
      <Filter>src</Filter>
    </ClCompile>
    <ClCompile Include="..\..\src\takram\tween\transform.cc">
      <Filter>src</Filter>
    </ClCompile>
    <ClCompile Include="..\..\src\takram\tween\tween.cc">
      <Filter>src</Filter>
    </ClCompile>
    <ClCompile Include="..\..\src\takram\easing.cc">
      <Filter>src</Filter>
    </ClCompile>
    <ClCompile Include="..\..\src\takram\tween.cc">
      <Filter>src</Filter>
    </ClCompile>
  </ItemGroup>
</Project>
